{
  "requires": true,
  "lockfileVersion": 1,
  "dependencies": {
    "@uirouter/angular": {
      "version": "2.0.3",
      "resolved": "https://registry.npmjs.org/@uirouter/angular/-/angular-2.0.3.tgz",
      "integrity": "sha512-9w0OTkpVs4dOgb1p84tdwmsJOKxa2C8v2tuZjq7VzXv5neuU1vUhoETEagOJn7y+ihvePBIuKWVhy1oAawqA9Q==",
      "requires": {
        "@uirouter/core": "5.0.22",
        "@uirouter/rx": "0.5.0"
      },
      "dependencies": {
        "@uirouter/core": {
          "version": "5.0.22",
          "resolved": "https://registry.npmjs.org/@uirouter/core/-/core-5.0.22.tgz",
          "integrity": "sha512-J0BVWRDfAmRWKJAesszU6lvu8ApJQ+6gd6OI0v+02hUEgl3a8K2fQ6oP4La3xPbVnl8W4iH7ouvWOc8cJPZPag=="
        }
      }
    },
    "@uirouter/core": {
      "version": "5.0.21",
      "resolved": "https://registry.npmjs.org/@uirouter/core/-/core-5.0.21.tgz",
      "integrity": "sha512-QWHc0wT00qtYNkT0BXZaFNLLHZyux0qJjF8c2WklW5/Q0Z866NoJjJErEMWjQb/AR+olkR2NlfEEi8KTQU2OpA=="
    },
    "@uirouter/rx": {
      "version": "0.5.0",
      "resolved": "https://registry.npmjs.org/@uirouter/rx/-/rx-0.5.0.tgz",
      "integrity": "sha512-SHX1b8u8MW/7L6vFrKSRc5g5u/RgLakGMfdTeVQMSC84fc2yW7VDWNuGJhA8jiOTNKvzscuwvC02dxOgKcwrjg=="
    },
    "angular-ui-router": {
      "version": "1.0.20",
      "resolved": "https://registry.npmjs.org/angular-ui-router/-/angular-ui-router-1.0.20.tgz",
      "integrity": "sha512-D9Y+qOq6StinrlyeiHp7wbOBL5UbwaHW1dgpfQZ6fWuQ5Q5UOrJfe3S28XWDt8ybOKaUh2ds/IFXib5vCu8Opg==",
      "requires": {
        "@uirouter/core": "5.0.21"
      }
    },
    "typescript": {
      "version": "2.9.1",
      "resolved": "https://registry.npmjs.org/typescript/-/typescript-2.9.1.tgz",
      "integrity": "sha512-h6pM2f/GDchCFlldnriOhs1QHuwbnmj6/v7499eMHqPeW4V2G0elua2eIc2nu8v2NdHV0Gm+tzX83Hr6nUFjQA=="
    }
  }
}
